
Microsoft Visual Studio Solution File, Format Version 12.00
# Visual Studio Version 16
VisualStudioVersion = 16.0.29806.167
MinimumVisualStudioVersion = 10.0.40219.1
Project("{FAE04EC0-301F-11D3-BF4B-00C04F79EFBC}") = "Laboratory1", "Laboratory1.csproj", "{AD3369FE-6D12-4D2D-B50E-29AA1CE21205}"
EndProject
Global
	GlobalSection(SolutionConfigurationPlatforms) = preSolution
		Debug|Any CPU = Debug|Any CPU
		Release|Any CPU = Release|Any CPU
	EndGlobalSection
	GlobalSection(ProjectConfigurationPlatforms) = postSolution
		{AD3369FE-6D12-4D2D-B50E-29AA1CE21205}.Debug|Any CPU.ActiveCfg = Debug|Any CPU
		{AD3369FE-6D12-4D2D-B50E-29AA1CE21205}.Debug|Any CPU.Build.0 = Debug|Any CPU
		{AD3369FE-6D12-4D2D-B50E-29AA1CE21205}.Release|Any CPU.ActiveCfg = Release|Any CPU
		{AD3369FE-6D12-4D2D-B50E-29AA1CE21205}.Release|Any CPU.Build.0 = Release|Any CPU
	EndGlobalSection
	GlobalSection(SolutionProperties) = preSolution
		HideSolutionNode = FALSE
	EndGlobalSection
	GlobalSection(ExtensibilityGlobals) = postSolution
		SolutionGuid = {DB3D8D99-569B-4940-9B8A-A73006AFE68C}
	EndGlobalSection
EndGlobal
